
Microsoft Visual Studio Solution File, Format Version 12.00
# Visual Studio 15
VisualStudioVersion = 15.0.28307.136
MinimumVisualStudioVersion = 10.0.40219.1
Project("{9A19103F-16F7-4668-BE54-9A1E7A4F7556}") = "EventStoreDemo.Start", "EventStoreDemo.Start\EventStoreDemo.Start.csproj", "{25559003-1850-4C32-88F1-05EAE23038FF}"
EndProject
Project("{9A19103F-16F7-4668-BE54-9A1E7A4F7556}") = "EventStoreDemo.Domain", "EventStoreDemo.Domain\EventStoreDemo.Domain.csproj", "{11BB26CA-C328-43A2-A706-FD4F7B23B243}"
EndProject
Project("{2150E333-8FDC-42A3-9474-1A3956D46DE8}") = "tests", "tests", "{6AB0D1B7-40C4-4C1C-8808-53B7F30C8E9D}"
EndProject
Project("{9A19103F-16F7-4668-BE54-9A1E7A4F7556}") = "EventDemo.Domain.Tests", "EventDemo.Domain.Tests\EventDemo.Domain.Tests.csproj", "{7585B360-39D2-4634-BB33-08A0AF34B580}"
EndProject
Project("{9A19103F-16F7-4668-BE54-9A1E7A4F7556}") = "EventStoreDemo.Api", "EventStoreDemo.Api\EventStoreDemo.Api.csproj", "{341FF08D-D6B4-4B45-BEF6-5134A613E912}"
EndProject
Project("{9A19103F-16F7-4668-BE54-9A1E7A4F7556}") = "EventStoreDemo.Domain.Car", "EventStoreDemo.Domain.Car\EventStoreDemo.Domain.Car.csproj", "{FEDAC7BB-024B-4684-A1F2-09FDE8092DEA}"
EndProject
Project("{9A19103F-16F7-4668-BE54-9A1E7A4F7556}") = "EventStoreDemo.Domain.CarRental", "EventStoreDemo.Domain.CarRental\EventStoreDemo.Domain.CarRental.csproj", "{84843C9B-F8D5-4A33-B147-7CDD98CB203D}"
EndProject
Project("{9A19103F-16F7-4668-BE54-9A1E7A4F7556}") = "EventStoreDemo.Domain.Booking", "EventStoreDemo.DomainBooking\EventStoreDemo.Domain.Booking.csproj", "{C5FE74E4-088F-4F59-9E3F-A1E129840BDB}"
EndProject
Project("{9A19103F-16F7-4668-BE54-9A1E7A4F7556}") = "EventStoreDemo.Domain.Booking.Tests", "EventStoreDemo.Domain.Booking.Tests\EventStoreDemo.Domain.Booking.Tests.csproj", "{B1C9983A-51B2-4C7C-8448-EC4E5B2FF24F}"
EndProject
Project("{FAE04EC0-301F-11D3-BF4B-00C04F79EFBC}") = "EventStoreDemo.Api.Booking", "EventStoreDemo.Api.Booking\EventStoreDemo.Api.Booking.csproj", "{60930A03-1566-4371-A8A5-60294134A10A}"
EndProject
Project("{2150E333-8FDC-42A3-9474-1A3956D46DE8}") = "Api", "Api", "{EDFED760-01B0-4744-AEAA-42CE18F59532}"
EndProject
Project("{FAE04EC0-301F-11D3-BF4B-00C04F79EFBC}") = "EventStoreDemo.Api.Car", "EventStoreDemo.Api.Car\EventStoreDemo.Api.Car.csproj", "{671DBF80-26D3-47D1-8B09-1391C84B518C}"
EndProject
Global
	GlobalSection(SolutionConfigurationPlatforms) = preSolution
		Debug|Any CPU = Debug|Any CPU
		Release|Any CPU = Release|Any CPU
	EndGlobalSection
	GlobalSection(ProjectConfigurationPlatforms) = postSolution
		{25559003-1850-4C32-88F1-05EAE23038FF}.Debug|Any CPU.ActiveCfg = Debug|Any CPU
		{25559003-1850-4C32-88F1-05EAE23038FF}.Debug|Any CPU.Build.0 = Debug|Any CPU
		{25559003-1850-4C32-88F1-05EAE23038FF}.Release|Any CPU.ActiveCfg = Release|Any CPU
		{25559003-1850-4C32-88F1-05EAE23038FF}.Release|Any CPU.Build.0 = Release|Any CPU
		{11BB26CA-C328-43A2-A706-FD4F7B23B243}.Debug|Any CPU.ActiveCfg = Debug|Any CPU
		{11BB26CA-C328-43A2-A706-FD4F7B23B243}.Debug|Any CPU.Build.0 = Debug|Any CPU
		{11BB26CA-C328-43A2-A706-FD4F7B23B243}.Release|Any CPU.ActiveCfg = Release|Any CPU
		{11BB26CA-C328-43A2-A706-FD4F7B23B243}.Release|Any CPU.Build.0 = Release|Any CPU
		{7585B360-39D2-4634-BB33-08A0AF34B580}.Debug|Any CPU.ActiveCfg = Debug|Any CPU
		{7585B360-39D2-4634-BB33-08A0AF34B580}.Debug|Any CPU.Build.0 = Debug|Any CPU
		{7585B360-39D2-4634-BB33-08A0AF34B580}.Release|Any CPU.ActiveCfg = Release|Any CPU
		{7585B360-39D2-4634-BB33-08A0AF34B580}.Release|Any CPU.Build.0 = Release|Any CPU
		{341FF08D-D6B4-4B45-BEF6-5134A613E912}.Debug|Any CPU.ActiveCfg = Debug|Any CPU
		{341FF08D-D6B4-4B45-BEF6-5134A613E912}.Debug|Any CPU.Build.0 = Debug|Any CPU
		{341FF08D-D6B4-4B45-BEF6-5134A613E912}.Release|Any CPU.ActiveCfg = Release|Any CPU
		{341FF08D-D6B4-4B45-BEF6-5134A613E912}.Release|Any CPU.Build.0 = Release|Any CPU
		{FEDAC7BB-024B-4684-A1F2-09FDE8092DEA}.Debug|Any CPU.ActiveCfg = Debug|Any CPU
		{FEDAC7BB-024B-4684-A1F2-09FDE8092DEA}.Debug|Any CPU.Build.0 = Debug|Any CPU
		{FEDAC7BB-024B-4684-A1F2-09FDE8092DEA}.Release|Any CPU.ActiveCfg = Release|Any CPU
		{FEDAC7BB-024B-4684-A1F2-09FDE8092DEA}.Release|Any CPU.Build.0 = Release|Any CPU
		{84843C9B-F8D5-4A33-B147-7CDD98CB203D}.Debug|Any CPU.ActiveCfg = Debug|Any CPU
		{84843C9B-F8D5-4A33-B147-7CDD98CB203D}.Debug|Any CPU.Build.0 = Debug|Any CPU
		{84843C9B-F8D5-4A33-B147-7CDD98CB203D}.Release|Any CPU.ActiveCfg = Release|Any CPU
		{84843C9B-F8D5-4A33-B147-7CDD98CB203D}.Release|Any CPU.Build.0 = Release|Any CPU
		{C5FE74E4-088F-4F59-9E3F-A1E129840BDB}.Debug|Any CPU.ActiveCfg = Debug|Any CPU
		{C5FE74E4-088F-4F59-9E3F-A1E129840BDB}.Debug|Any CPU.Build.0 = Debug|Any CPU
		{C5FE74E4-088F-4F59-9E3F-A1E129840BDB}.Release|Any CPU.ActiveCfg = Release|Any CPU
		{C5FE74E4-088F-4F59-9E3F-A1E129840BDB}.Release|Any CPU.Build.0 = Release|Any CPU
		{B1C9983A-51B2-4C7C-8448-EC4E5B2FF24F}.Debug|Any CPU.ActiveCfg = Debug|Any CPU
		{B1C9983A-51B2-4C7C-8448-EC4E5B2FF24F}.Debug|Any CPU.Build.0 = Debug|Any CPU
		{B1C9983A-51B2-4C7C-8448-EC4E5B2FF24F}.Release|Any CPU.ActiveCfg = Release|Any CPU
		{B1C9983A-51B2-4C7C-8448-EC4E5B2FF24F}.Release|Any CPU.Build.0 = Release|Any CPU
		{60930A03-1566-4371-A8A5-60294134A10A}.Debug|Any CPU.ActiveCfg = Debug|Any CPU
		{60930A03-1566-4371-A8A5-60294134A10A}.Debug|Any CPU.Build.0 = Debug|Any CPU
		{60930A03-1566-4371-A8A5-60294134A10A}.Release|Any CPU.ActiveCfg = Release|Any CPU
		{60930A03-1566-4371-A8A5-60294134A10A}.Release|Any CPU.Build.0 = Release|Any CPU
		{671DBF80-26D3-47D1-8B09-1391C84B518C}.Debug|Any CPU.ActiveCfg = Debug|Any CPU
		{671DBF80-26D3-47D1-8B09-1391C84B518C}.Debug|Any CPU.Build.0 = Debug|Any CPU
		{671DBF80-26D3-47D1-8B09-1391C84B518C}.Release|Any CPU.ActiveCfg = Release|Any CPU
		{671DBF80-26D3-47D1-8B09-1391C84B518C}.Release|Any CPU.Build.0 = Release|Any CPU
	EndGlobalSection
	GlobalSection(SolutionProperties) = preSolution
		HideSolutionNode = FALSE
	EndGlobalSection
	GlobalSection(NestedProjects) = preSolution
		{7585B360-39D2-4634-BB33-08A0AF34B580} = {6AB0D1B7-40C4-4C1C-8808-53B7F30C8E9D}
		{341FF08D-D6B4-4B45-BEF6-5134A613E912} = {EDFED760-01B0-4744-AEAA-42CE18F59532}
		{B1C9983A-51B2-4C7C-8448-EC4E5B2FF24F} = {6AB0D1B7-40C4-4C1C-8808-53B7F30C8E9D}
		{60930A03-1566-4371-A8A5-60294134A10A} = {EDFED760-01B0-4744-AEAA-42CE18F59532}
		{671DBF80-26D3-47D1-8B09-1391C84B518C} = {EDFED760-01B0-4744-AEAA-42CE18F59532}
	EndGlobalSection
	GlobalSection(ExtensibilityGlobals) = postSolution
		SolutionGuid = {5EFD80D8-B7F1-44CD-ABBE-B9950340F3C1}
	EndGlobalSection
EndGlobal
