
Microsoft Visual Studio Solution File, Format Version 12.00
# Visual Studio 15
VisualStudioVersion = 15.0.28307.136
MinimumVisualStudioVersion = 10.0.40219.1
Project("{9A19103F-16F7-4668-BE54-9A1E7A4F7556}") = "EventStoreDemo.Start", "EventStoreDemo.Start\EventStoreDemo.Start.csproj", "{25559003-1850-4C32-88F1-05EAE23038FF}"
EndProject
Project("{9A19103F-16F7-4668-BE54-9A1E7A4F7556}") = "EventStoreDemo.Domain", "EventStoreDemo.Domain\EventStoreDemo.Domain.csproj", "{11BB26CA-C328-43A2-A706-FD4F7B23B243}"
EndProject
Project("{2150E333-8FDC-42A3-9474-1A3956D46DE8}") = "tests", "tests", "{6AB0D1B7-40C4-4C1C-8808-53B7F30C8E9D}"
EndProject
Project("{9A19103F-16F7-4668-BE54-9A1E7A4F7556}") = "EventDemo.Domain.Tests", "EventDemo.Domain.Tests\EventDemo.Domain.Tests.csproj", "{7585B360-39D2-4634-BB33-08A0AF34B580}"
EndProject
Project("{9A19103F-16F7-4668-BE54-9A1E7A4F7556}") = "EventStoreDemo.Domain.Booking.Tests", "EventStoreDemo.Domain.Booking.Tests\EventStoreDemo.Domain.Booking.Tests.csproj", "{B1C9983A-51B2-4C7C-8448-EC4E5B2FF24F}"
EndProject
Project("{2150E333-8FDC-42A3-9474-1A3956D46DE8}") = "Microservices", "Microservices", "{5D568B32-21FC-4B92-984C-F4D7F3C0A4A8}"
EndProject
Project("{2150E333-8FDC-42A3-9474-1A3956D46DE8}") = "Car", "Car", "{4FF05155-D780-4745-8A56-56CC890E2564}"
EndProject
Project("{9A19103F-16F7-4668-BE54-9A1E7A4F7556}") = "EventStoreDemo.Api.Car", "Microservices\Car\EventStoreDemo.Api.Car\EventStoreDemo.Api.Car.csproj", "{584CA5F4-5A34-46F3-942E-BC741B7A2CDC}"
EndProject
Project("{9A19103F-16F7-4668-BE54-9A1E7A4F7556}") = "EventStoreDemo.Domain.Car", "Microservices\Car\EventStoreDemo.Domain.Car\EventStoreDemo.Domain.Car.csproj", "{96A0886A-E6F8-4129-9E9F-B02C043A63D1}"
EndProject
Project("{2150E333-8FDC-42A3-9474-1A3956D46DE8}") = "CarRental", "CarRental", "{E6CAE41B-D0B7-47C8-A0F6-6D5771749808}"
EndProject
Project("{9A19103F-16F7-4668-BE54-9A1E7A4F7556}") = "EventStoreDemo.Api.CarRental", "Microservices\CarRental\EventStoreDemo.Api.CarRental\EventStoreDemo.Api.CarRental.csproj", "{2104816F-E532-489D-9EAB-4C96065A1C92}"
EndProject
Project("{9A19103F-16F7-4668-BE54-9A1E7A4F7556}") = "EventStoreDemo.Domain.CarRental", "Microservices\CarRental\EventStoreDemo.Domain.CarRental\EventStoreDemo.Domain.CarRental.csproj", "{C3441F94-5C9D-4498-8506-89F931D10DB7}"
EndProject
Project("{2150E333-8FDC-42A3-9474-1A3956D46DE8}") = "Booking", "Booking", "{AF70B136-2F9A-49CD-9CAD-789C3552072D}"
EndProject
Project("{9A19103F-16F7-4668-BE54-9A1E7A4F7556}") = "EventStoreDemo.Api.Booking", "Microservices\Booking\EventStoreDemo.Api.Booking\EventStoreDemo.Api.Booking.csproj", "{AE46B557-FA52-49BF-80BC-DF04BE60A7F9}"
EndProject
Project("{9A19103F-16F7-4668-BE54-9A1E7A4F7556}") = "EventStoreDemo.Domain.Booking", "Microservices\Booking\EventStoreDemo.Domain.Booking\EventStoreDemo.Domain.Booking.csproj", "{DE584443-C4D3-411F-9237-9B79A6D92BF1}"
EndProject
Global
	GlobalSection(SolutionConfigurationPlatforms) = preSolution
		Debug|Any CPU = Debug|Any CPU
		Release|Any CPU = Release|Any CPU
	EndGlobalSection
	GlobalSection(ProjectConfigurationPlatforms) = postSolution
		{25559003-1850-4C32-88F1-05EAE23038FF}.Debug|Any CPU.ActiveCfg = Debug|Any CPU
		{25559003-1850-4C32-88F1-05EAE23038FF}.Debug|Any CPU.Build.0 = Debug|Any CPU
		{25559003-1850-4C32-88F1-05EAE23038FF}.Release|Any CPU.ActiveCfg = Release|Any CPU
		{25559003-1850-4C32-88F1-05EAE23038FF}.Release|Any CPU.Build.0 = Release|Any CPU
		{11BB26CA-C328-43A2-A706-FD4F7B23B243}.Debug|Any CPU.ActiveCfg = Debug|Any CPU
		{11BB26CA-C328-43A2-A706-FD4F7B23B243}.Debug|Any CPU.Build.0 = Debug|Any CPU
		{11BB26CA-C328-43A2-A706-FD4F7B23B243}.Release|Any CPU.ActiveCfg = Release|Any CPU
		{11BB26CA-C328-43A2-A706-FD4F7B23B243}.Release|Any CPU.Build.0 = Release|Any CPU
		{7585B360-39D2-4634-BB33-08A0AF34B580}.Debug|Any CPU.ActiveCfg = Debug|Any CPU
		{7585B360-39D2-4634-BB33-08A0AF34B580}.Debug|Any CPU.Build.0 = Debug|Any CPU
		{7585B360-39D2-4634-BB33-08A0AF34B580}.Release|Any CPU.ActiveCfg = Release|Any CPU
		{7585B360-39D2-4634-BB33-08A0AF34B580}.Release|Any CPU.Build.0 = Release|Any CPU
		{B1C9983A-51B2-4C7C-8448-EC4E5B2FF24F}.Debug|Any CPU.ActiveCfg = Debug|Any CPU
		{B1C9983A-51B2-4C7C-8448-EC4E5B2FF24F}.Debug|Any CPU.Build.0 = Debug|Any CPU
		{B1C9983A-51B2-4C7C-8448-EC4E5B2FF24F}.Release|Any CPU.ActiveCfg = Release|Any CPU
		{B1C9983A-51B2-4C7C-8448-EC4E5B2FF24F}.Release|Any CPU.Build.0 = Release|Any CPU
		{584CA5F4-5A34-46F3-942E-BC741B7A2CDC}.Debug|Any CPU.ActiveCfg = Debug|Any CPU
		{584CA5F4-5A34-46F3-942E-BC741B7A2CDC}.Debug|Any CPU.Build.0 = Debug|Any CPU
		{584CA5F4-5A34-46F3-942E-BC741B7A2CDC}.Release|Any CPU.ActiveCfg = Release|Any CPU
		{584CA5F4-5A34-46F3-942E-BC741B7A2CDC}.Release|Any CPU.Build.0 = Release|Any CPU
		{96A0886A-E6F8-4129-9E9F-B02C043A63D1}.Debug|Any CPU.ActiveCfg = Debug|Any CPU
		{96A0886A-E6F8-4129-9E9F-B02C043A63D1}.Debug|Any CPU.Build.0 = Debug|Any CPU
		{96A0886A-E6F8-4129-9E9F-B02C043A63D1}.Release|Any CPU.ActiveCfg = Release|Any CPU
		{96A0886A-E6F8-4129-9E9F-B02C043A63D1}.Release|Any CPU.Build.0 = Release|Any CPU
		{2104816F-E532-489D-9EAB-4C96065A1C92}.Debug|Any CPU.ActiveCfg = Debug|Any CPU
		{2104816F-E532-489D-9EAB-4C96065A1C92}.Debug|Any CPU.Build.0 = Debug|Any CPU
		{2104816F-E532-489D-9EAB-4C96065A1C92}.Release|Any CPU.ActiveCfg = Release|Any CPU
		{2104816F-E532-489D-9EAB-4C96065A1C92}.Release|Any CPU.Build.0 = Release|Any CPU
		{C3441F94-5C9D-4498-8506-89F931D10DB7}.Debug|Any CPU.ActiveCfg = Debug|Any CPU
		{C3441F94-5C9D-4498-8506-89F931D10DB7}.Debug|Any CPU.Build.0 = Debug|Any CPU
		{C3441F94-5C9D-4498-8506-89F931D10DB7}.Release|Any CPU.ActiveCfg = Release|Any CPU
		{C3441F94-5C9D-4498-8506-89F931D10DB7}.Release|Any CPU.Build.0 = Release|Any CPU
		{AE46B557-FA52-49BF-80BC-DF04BE60A7F9}.Debug|Any CPU.ActiveCfg = Debug|Any CPU
		{AE46B557-FA52-49BF-80BC-DF04BE60A7F9}.Debug|Any CPU.Build.0 = Debug|Any CPU
		{AE46B557-FA52-49BF-80BC-DF04BE60A7F9}.Release|Any CPU.ActiveCfg = Release|Any CPU
		{AE46B557-FA52-49BF-80BC-DF04BE60A7F9}.Release|Any CPU.Build.0 = Release|Any CPU
		{DE584443-C4D3-411F-9237-9B79A6D92BF1}.Debug|Any CPU.ActiveCfg = Debug|Any CPU
		{DE584443-C4D3-411F-9237-9B79A6D92BF1}.Debug|Any CPU.Build.0 = Debug|Any CPU
		{DE584443-C4D3-411F-9237-9B79A6D92BF1}.Release|Any CPU.ActiveCfg = Release|Any CPU
		{DE584443-C4D3-411F-9237-9B79A6D92BF1}.Release|Any CPU.Build.0 = Release|Any CPU
	EndGlobalSection
	GlobalSection(SolutionProperties) = preSolution
		HideSolutionNode = FALSE
	EndGlobalSection
	GlobalSection(NestedProjects) = preSolution
		{7585B360-39D2-4634-BB33-08A0AF34B580} = {6AB0D1B7-40C4-4C1C-8808-53B7F30C8E9D}
		{B1C9983A-51B2-4C7C-8448-EC4E5B2FF24F} = {6AB0D1B7-40C4-4C1C-8808-53B7F30C8E9D}
		{4FF05155-D780-4745-8A56-56CC890E2564} = {5D568B32-21FC-4B92-984C-F4D7F3C0A4A8}
		{584CA5F4-5A34-46F3-942E-BC741B7A2CDC} = {4FF05155-D780-4745-8A56-56CC890E2564}
		{96A0886A-E6F8-4129-9E9F-B02C043A63D1} = {4FF05155-D780-4745-8A56-56CC890E2564}
		{E6CAE41B-D0B7-47C8-A0F6-6D5771749808} = {5D568B32-21FC-4B92-984C-F4D7F3C0A4A8}
		{2104816F-E532-489D-9EAB-4C96065A1C92} = {E6CAE41B-D0B7-47C8-A0F6-6D5771749808}
		{C3441F94-5C9D-4498-8506-89F931D10DB7} = {E6CAE41B-D0B7-47C8-A0F6-6D5771749808}
		{AF70B136-2F9A-49CD-9CAD-789C3552072D} = {5D568B32-21FC-4B92-984C-F4D7F3C0A4A8}
		{AE46B557-FA52-49BF-80BC-DF04BE60A7F9} = {AF70B136-2F9A-49CD-9CAD-789C3552072D}
		{DE584443-C4D3-411F-9237-9B79A6D92BF1} = {AF70B136-2F9A-49CD-9CAD-789C3552072D}
	EndGlobalSection
	GlobalSection(ExtensibilityGlobals) = postSolution
		SolutionGuid = {5EFD80D8-B7F1-44CD-ABBE-B9950340F3C1}
	EndGlobalSection
EndGlobal
