
Microsoft Visual Studio Solution File, Format Version 12.00
# Visual Studio 15
VisualStudioVersion = 15.0.28307.136
MinimumVisualStudioVersion = 10.0.40219.1
Project("{9A19103F-16F7-4668-BE54-9A1E7A4F7556}") = "EventStoreDemo.Start", "EventStoreDemo.Start\EventStoreDemo.Start.csproj", "{25559003-1850-4C32-88F1-05EAE23038FF}"
EndProject
Project("{9A19103F-16F7-4668-BE54-9A1E7A4F7556}") = "EventStoreDemo.Domain", "EventStoreDemo.Domain\EventStoreDemo.Domain.csproj", "{11BB26CA-C328-43A2-A706-FD4F7B23B243}"
EndProject
Project("{2150E333-8FDC-42A3-9474-1A3956D46DE8}") = "Microservices", "Microservices", "{5D568B32-21FC-4B92-984C-F4D7F3C0A4A8}"
EndProject
Project("{2150E333-8FDC-42A3-9474-1A3956D46DE8}") = "Car", "Car", "{4FF05155-D780-4745-8A56-56CC890E2564}"
EndProject
Project("{9A19103F-16F7-4668-BE54-9A1E7A4F7556}") = "EventStoreDemo.Api.Car", "Microservices\Car\EventStoreDemo.Api.Car\EventStoreDemo.Api.Car.csproj", "{584CA5F4-5A34-46F3-942E-BC741B7A2CDC}"
EndProject
Project("{9A19103F-16F7-4668-BE54-9A1E7A4F7556}") = "EventStoreDemo.Domain.Car", "Microservices\Car\EventStoreDemo.Domain.Car\EventStoreDemo.Domain.Car.csproj", "{96A0886A-E6F8-4129-9E9F-B02C043A63D1}"
EndProject
Project("{2150E333-8FDC-42A3-9474-1A3956D46DE8}") = "CarRental", "CarRental", "{E6CAE41B-D0B7-47C8-A0F6-6D5771749808}"
EndProject
Project("{9A19103F-16F7-4668-BE54-9A1E7A4F7556}") = "EventStoreDemo.Api.CarRental", "Microservices\CarRental\EventStoreDemo.Api.CarRental\EventStoreDemo.Api.CarRental.csproj", "{2104816F-E532-489D-9EAB-4C96065A1C92}"
EndProject
Project("{9A19103F-16F7-4668-BE54-9A1E7A4F7556}") = "EventStoreDemo.Domain.CarRental", "Microservices\CarRental\EventStoreDemo.Domain.CarRental\EventStoreDemo.Domain.CarRental.csproj", "{C3441F94-5C9D-4498-8506-89F931D10DB7}"
EndProject
Project("{2150E333-8FDC-42A3-9474-1A3956D46DE8}") = "Booking", "Booking", "{AF70B136-2F9A-49CD-9CAD-789C3552072D}"
EndProject
Project("{9A19103F-16F7-4668-BE54-9A1E7A4F7556}") = "EventStoreDemo.Api.Booking", "Microservices\Booking\EventStoreDemo.Api.Booking\EventStoreDemo.Api.Booking.csproj", "{AE46B557-FA52-49BF-80BC-DF04BE60A7F9}"
EndProject
Project("{9A19103F-16F7-4668-BE54-9A1E7A4F7556}") = "EventStoreDemo.Domain.Booking", "Microservices\Booking\EventStoreDemo.Domain.Booking\EventStoreDemo.Domain.Booking.csproj", "{DE584443-C4D3-411F-9237-9B79A6D92BF1}"
EndProject
Project("{9A19103F-16F7-4668-BE54-9A1E7A4F7556}") = "EventStoreDemo.Domain.Booking.Tests", "Microservices\Booking\EventStoreDemo.Domain.Booking.Tests\EventStoreDemo.Domain.Booking.Tests.csproj", "{CD811D0D-0CB6-4460-961F-075DF1099EB7}"
EndProject
Project("{9A19103F-16F7-4668-BE54-9A1E7A4F7556}") = "EventDemo.Domain.CarRental.Tests", "Microservices\CarRental\EventDemo.Domain.CarRental.Tests\EventDemo.Domain.CarRental.Tests.csproj", "{DF880DFF-992A-429E-968B-4048E4A0EEE6}"
EndProject
Project("{2150E333-8FDC-42A3-9474-1A3956D46DE8}") = "Payment", "Payment", "{2670FF02-E4C0-4CFE-9013-378EDDAFA1C4}"
EndProject
Project("{FAE04EC0-301F-11D3-BF4B-00C04F79EFBC}") = "EventStoreDemo.Domain.Payment", "Microservices\Payment\EventStoreDemo.Domain.Payment\EventStoreDemo.Domain.Payment.csproj", "{A6DC9F8A-6ADA-4AE7-B63F-61FA18A781CA}"
EndProject
Project("{9A19103F-16F7-4668-BE54-9A1E7A4F7556}") = "EventStoreDemo.Api.Payment", "Microservices\Payment\EventStoreDemo.Api.Payment\EventStoreDemo.Api.Payment.csproj", "{866F95C0-2161-493A-B172-2747CBF58ED1}"
EndProject
Global
	GlobalSection(SolutionConfigurationPlatforms) = preSolution
		Debug|Any CPU = Debug|Any CPU
		Release|Any CPU = Release|Any CPU
	EndGlobalSection
	GlobalSection(ProjectConfigurationPlatforms) = postSolution
		{25559003-1850-4C32-88F1-05EAE23038FF}.Debug|Any CPU.ActiveCfg = Debug|Any CPU
		{25559003-1850-4C32-88F1-05EAE23038FF}.Debug|Any CPU.Build.0 = Debug|Any CPU
		{25559003-1850-4C32-88F1-05EAE23038FF}.Release|Any CPU.ActiveCfg = Release|Any CPU
		{25559003-1850-4C32-88F1-05EAE23038FF}.Release|Any CPU.Build.0 = Release|Any CPU
		{11BB26CA-C328-43A2-A706-FD4F7B23B243}.Debug|Any CPU.ActiveCfg = Debug|Any CPU
		{11BB26CA-C328-43A2-A706-FD4F7B23B243}.Debug|Any CPU.Build.0 = Debug|Any CPU
		{11BB26CA-C328-43A2-A706-FD4F7B23B243}.Release|Any CPU.ActiveCfg = Release|Any CPU
		{11BB26CA-C328-43A2-A706-FD4F7B23B243}.Release|Any CPU.Build.0 = Release|Any CPU
		{584CA5F4-5A34-46F3-942E-BC741B7A2CDC}.Debug|Any CPU.ActiveCfg = Debug|Any CPU
		{584CA5F4-5A34-46F3-942E-BC741B7A2CDC}.Debug|Any CPU.Build.0 = Debug|Any CPU
		{584CA5F4-5A34-46F3-942E-BC741B7A2CDC}.Release|Any CPU.ActiveCfg = Release|Any CPU
		{584CA5F4-5A34-46F3-942E-BC741B7A2CDC}.Release|Any CPU.Build.0 = Release|Any CPU
		{96A0886A-E6F8-4129-9E9F-B02C043A63D1}.Debug|Any CPU.ActiveCfg = Debug|Any CPU
		{96A0886A-E6F8-4129-9E9F-B02C043A63D1}.Debug|Any CPU.Build.0 = Debug|Any CPU
		{96A0886A-E6F8-4129-9E9F-B02C043A63D1}.Release|Any CPU.ActiveCfg = Release|Any CPU
		{96A0886A-E6F8-4129-9E9F-B02C043A63D1}.Release|Any CPU.Build.0 = Release|Any CPU
		{2104816F-E532-489D-9EAB-4C96065A1C92}.Debug|Any CPU.ActiveCfg = Debug|Any CPU
		{2104816F-E532-489D-9EAB-4C96065A1C92}.Debug|Any CPU.Build.0 = Debug|Any CPU
		{2104816F-E532-489D-9EAB-4C96065A1C92}.Release|Any CPU.ActiveCfg = Release|Any CPU
		{2104816F-E532-489D-9EAB-4C96065A1C92}.Release|Any CPU.Build.0 = Release|Any CPU
		{C3441F94-5C9D-4498-8506-89F931D10DB7}.Debug|Any CPU.ActiveCfg = Debug|Any CPU
		{C3441F94-5C9D-4498-8506-89F931D10DB7}.Debug|Any CPU.Build.0 = Debug|Any CPU
		{C3441F94-5C9D-4498-8506-89F931D10DB7}.Release|Any CPU.ActiveCfg = Release|Any CPU
		{C3441F94-5C9D-4498-8506-89F931D10DB7}.Release|Any CPU.Build.0 = Release|Any CPU
		{AE46B557-FA52-49BF-80BC-DF04BE60A7F9}.Debug|Any CPU.ActiveCfg = Debug|Any CPU
		{AE46B557-FA52-49BF-80BC-DF04BE60A7F9}.Debug|Any CPU.Build.0 = Debug|Any CPU
		{AE46B557-FA52-49BF-80BC-DF04BE60A7F9}.Release|Any CPU.ActiveCfg = Release|Any CPU
		{AE46B557-FA52-49BF-80BC-DF04BE60A7F9}.Release|Any CPU.Build.0 = Release|Any CPU
		{DE584443-C4D3-411F-9237-9B79A6D92BF1}.Debug|Any CPU.ActiveCfg = Debug|Any CPU
		{DE584443-C4D3-411F-9237-9B79A6D92BF1}.Debug|Any CPU.Build.0 = Debug|Any CPU
		{DE584443-C4D3-411F-9237-9B79A6D92BF1}.Release|Any CPU.ActiveCfg = Release|Any CPU
		{DE584443-C4D3-411F-9237-9B79A6D92BF1}.Release|Any CPU.Build.0 = Release|Any CPU
		{CD811D0D-0CB6-4460-961F-075DF1099EB7}.Debug|Any CPU.ActiveCfg = Debug|Any CPU
		{CD811D0D-0CB6-4460-961F-075DF1099EB7}.Debug|Any CPU.Build.0 = Debug|Any CPU
		{CD811D0D-0CB6-4460-961F-075DF1099EB7}.Release|Any CPU.ActiveCfg = Release|Any CPU
		{CD811D0D-0CB6-4460-961F-075DF1099EB7}.Release|Any CPU.Build.0 = Release|Any CPU
		{DF880DFF-992A-429E-968B-4048E4A0EEE6}.Debug|Any CPU.ActiveCfg = Debug|Any CPU
		{DF880DFF-992A-429E-968B-4048E4A0EEE6}.Debug|Any CPU.Build.0 = Debug|Any CPU
		{DF880DFF-992A-429E-968B-4048E4A0EEE6}.Release|Any CPU.ActiveCfg = Release|Any CPU
		{DF880DFF-992A-429E-968B-4048E4A0EEE6}.Release|Any CPU.Build.0 = Release|Any CPU
		{A6DC9F8A-6ADA-4AE7-B63F-61FA18A781CA}.Debug|Any CPU.ActiveCfg = Debug|Any CPU
		{A6DC9F8A-6ADA-4AE7-B63F-61FA18A781CA}.Debug|Any CPU.Build.0 = Debug|Any CPU
		{A6DC9F8A-6ADA-4AE7-B63F-61FA18A781CA}.Release|Any CPU.ActiveCfg = Release|Any CPU
		{A6DC9F8A-6ADA-4AE7-B63F-61FA18A781CA}.Release|Any CPU.Build.0 = Release|Any CPU
		{866F95C0-2161-493A-B172-2747CBF58ED1}.Debug|Any CPU.ActiveCfg = Debug|Any CPU
		{866F95C0-2161-493A-B172-2747CBF58ED1}.Debug|Any CPU.Build.0 = Debug|Any CPU
		{866F95C0-2161-493A-B172-2747CBF58ED1}.Release|Any CPU.ActiveCfg = Release|Any CPU
		{866F95C0-2161-493A-B172-2747CBF58ED1}.Release|Any CPU.Build.0 = Release|Any CPU
	EndGlobalSection
	GlobalSection(SolutionProperties) = preSolution
		HideSolutionNode = FALSE
	EndGlobalSection
	GlobalSection(NestedProjects) = preSolution
		{4FF05155-D780-4745-8A56-56CC890E2564} = {5D568B32-21FC-4B92-984C-F4D7F3C0A4A8}
		{584CA5F4-5A34-46F3-942E-BC741B7A2CDC} = {4FF05155-D780-4745-8A56-56CC890E2564}
		{96A0886A-E6F8-4129-9E9F-B02C043A63D1} = {4FF05155-D780-4745-8A56-56CC890E2564}
		{E6CAE41B-D0B7-47C8-A0F6-6D5771749808} = {5D568B32-21FC-4B92-984C-F4D7F3C0A4A8}
		{2104816F-E532-489D-9EAB-4C96065A1C92} = {E6CAE41B-D0B7-47C8-A0F6-6D5771749808}
		{C3441F94-5C9D-4498-8506-89F931D10DB7} = {E6CAE41B-D0B7-47C8-A0F6-6D5771749808}
		{AF70B136-2F9A-49CD-9CAD-789C3552072D} = {5D568B32-21FC-4B92-984C-F4D7F3C0A4A8}
		{AE46B557-FA52-49BF-80BC-DF04BE60A7F9} = {AF70B136-2F9A-49CD-9CAD-789C3552072D}
		{DE584443-C4D3-411F-9237-9B79A6D92BF1} = {AF70B136-2F9A-49CD-9CAD-789C3552072D}
		{CD811D0D-0CB6-4460-961F-075DF1099EB7} = {AF70B136-2F9A-49CD-9CAD-789C3552072D}
		{DF880DFF-992A-429E-968B-4048E4A0EEE6} = {E6CAE41B-D0B7-47C8-A0F6-6D5771749808}
		{2670FF02-E4C0-4CFE-9013-378EDDAFA1C4} = {5D568B32-21FC-4B92-984C-F4D7F3C0A4A8}
		{A6DC9F8A-6ADA-4AE7-B63F-61FA18A781CA} = {2670FF02-E4C0-4CFE-9013-378EDDAFA1C4}
		{866F95C0-2161-493A-B172-2747CBF58ED1} = {2670FF02-E4C0-4CFE-9013-378EDDAFA1C4}
	EndGlobalSection
	GlobalSection(ExtensibilityGlobals) = postSolution
		SolutionGuid = {5EFD80D8-B7F1-44CD-ABBE-B9950340F3C1}
	EndGlobalSection
EndGlobal
